// !$*UTF8*$!
{
	archiveVersion = 1;
	classes = {
	};
	objectVersion = 50;
	objects = {

/* Begin PBXBuildFile section */
		CE059E0826F0BE81008C3CB9 /* AppDelegate.swift in Sources */ = {isa = PBXBuildFile; fileRef = CE059E0726F0BE81008C3CB9 /* AppDelegate.swift */; };
		CE059E0E26F0BE81008C3CB9 /* GameScene.swift in Sources */ = {isa = PBXBuildFile; fileRef = CE059E0D26F0BE81008C3CB9 /* GameScene.swift */; };
		CE059E1026F0BE81008C3CB9 /* GameViewController.swift in Sources */ = {isa = PBXBuildFile; fileRef = CE059E0F26F0BE81008C3CB9 /* GameViewController.swift */; };
		CE059E1326F0BE81008C3CB9 /* Main.storyboard in Resources */ = {isa = PBXBuildFile; fileRef = CE059E1126F0BE81008C3CB9 /* Main.storyboard */; };
		CE059E1526F0BE83008C3CB9 /* Assets.xcassets in Resources */ = {isa = PBXBuildFile; fileRef = CE059E1426F0BE83008C3CB9 /* Assets.xcassets */; };
		CE059E2126F0C94F008C3CB9 /* Settings.swift in Sources */ = {isa = PBXBuildFile; fileRef = CE059E2026F0C94F008C3CB9 /* Settings.swift */; };
		CE059E2326F0E7AE008C3CB9 /* MenuScene.swift in Sources */ = {isa = PBXBuildFile; fileRef = CE059E2226F0E7AE008C3CB9 /* MenuScene.swift */; };
		CE059E2526F1D655008C3CB9 /* bling.wav in Resources */ = {isa = PBXBuildFile; fileRef = CE059E2426F1D655008C3CB9 /* bling.wav */; };
/* End PBXBuildFile section */

/* Begin PBXFileReference section */
		CE059E0426F0BE81008C3CB9 /* ColorSwitch.app */ = {isa = PBXFileReference; explicitFileType = wrapper.application; includeInIndex = 0; path = ColorSwitch.app; sourceTree = BUILT_PRODUCTS_DIR; };
		CE059E0726F0BE81008C3CB9 /* AppDelegate.swift */ = {isa = PBXFileReference; lastKnownFileType = sourcecode.swift; path = AppDelegate.swift; sourceTree = "<group>"; };
		CE059E0D26F0BE81008C3CB9 /* GameScene.swift */ = {isa = PBXFileReference; lastKnownFileType = sourcecode.swift; path = GameScene.swift; sourceTree = "<group>"; };
		CE059E0F26F0BE81008C3CB9 /* GameViewController.swift */ = {isa = PBXFileReference; lastKnownFileType = sourcecode.swift; path = GameViewController.swift; sourceTree = "<group>"; };
		CE059E1226F0BE81008C3CB9 /* Base */ = {isa = PBXFileReference; lastKnownFileType = file.storyboard; name = Base; path = Base.lproj/Main.storyboard; sourceTree = "<group>"; };
		CE059E1426F0BE83008C3CB9 /* Assets.xcassets */ = {isa = PBXFileReference; lastKnownFileType = folder.assetcatalog; path = Assets.xcassets; sourceTree = "<group>"; };
		CE059E1626F0BE83008C3CB9 /* Info.plist */ = {isa = PBXFileReference; lastKnownFileType = text.plist.xml; path = Info.plist; sourceTree = "<group>"; };
		CE059E2026F0C94F008C3CB9 /* Settings.swift */ = {isa = PBXFileReference; lastKnownFileType = sourcecode.swift; path = Settings.swift; sourceTree = "<group>"; };
		CE059E2226F0E7AE008C3CB9 /* MenuScene.swift */ = {isa = PBXFileReference; lastKnownFileType = sourcecode.swift; path = MenuScene.swift; sourceTree = "<group>"; };
		CE059E2426F1D655008C3CB9 /* bling.wav */ = {isa = PBXFileReference; lastKnownFileType = audio.wav; path = bling.wav; sourceTree = "<group>"; };
/* End PBXFileReference section */

/* Begin PBXFrameworksBuildPhase section */
		CE059E0126F0BE81008C3CB9 /* Frameworks */ = {
			isa = PBXFrameworksBuildPhase;
			buildActionMask = 2147483647;
			files = (
			);
			runOnlyForDeploymentPostprocessing = 0;
		};
/* End PBXFrameworksBuildPhase section */

/* Begin PBXGroup section */
		CE059DFB26F0BE81008C3CB9 = {
			isa = PBXGroup;
			children = (
				CE059E0626F0BE81008C3CB9 /* ColorSwitch */,
				CE059E0526F0BE81008C3CB9 /* Products */,
			);
			sourceTree = "<group>";
		};
		CE059E0526F0BE81008C3CB9 /* Products */ = {
			isa = PBXGroup;
			children = (
				CE059E0426F0BE81008C3CB9 /* ColorSwitch.app */,
			);
			name = Products;
			sourceTree = "<group>";
		};
		CE059E0626F0BE81008C3CB9 /* ColorSwitch */ = {
			isa = PBXGroup;
			children = (
				CE059E2426F1D655008C3CB9 /* bling.wav */,
				CE059E1626F0BE83008C3CB9 /* Info.plist */,
				CE059E1F26F0C37E008C3CB9 /* Assets */,
				CE059E1E26F0C375008C3CB9 /* Template */,
				CE059E1D26F0C368008C3CB9 /* Scenes */,
				CE059E1C26F0C360008C3CB9 /* ViewController */,
			);
			path = ColorSwitch;
			sourceTree = "<group>";
		};
		CE059E1C26F0C360008C3CB9 /* ViewController */ = {
			isa = PBXGroup;
			children = (
				CE059E0F26F0BE81008C3CB9 /* GameViewController.swift */,
			);
			path = ViewController;
			sourceTree = "<group>";
		};
		CE059E1D26F0C368008C3CB9 /* Scenes */ = {
			isa = PBXGroup;
			children = (
				CE059E0D26F0BE81008C3CB9 /* GameScene.swift */,
				CE059E2226F0E7AE008C3CB9 /* MenuScene.swift */,
			);
			path = Scenes;
			sourceTree = "<group>";
		};
		CE059E1E26F0C375008C3CB9 /* Template */ = {
			isa = PBXGroup;
			children = (
				CE059E0726F0BE81008C3CB9 /* AppDelegate.swift */,
				CE059E2026F0C94F008C3CB9 /* Settings.swift */,
			);
			path = Template;
			sourceTree = "<group>";
		};
		CE059E1F26F0C37E008C3CB9 /* Assets */ = {
			isa = PBXGroup;
			children = (
				CE059E1126F0BE81008C3CB9 /* Main.storyboard */,
				CE059E1426F0BE83008C3CB9 /* Assets.xcassets */,
			);
			path = Assets;
			sourceTree = "<group>";
		};
/* End PBXGroup section */

/* Begin PBXNativeTarget section */
		CE059E0326F0BE81008C3CB9 /* ColorSwitch */ = {
			isa = PBXNativeTarget;
			buildConfigurationList = CE059E1926F0BE83008C3CB9 /* Build configuration list for PBXNativeTarget "ColorSwitch" */;
			buildPhases = (
				CE059E0026F0BE81008C3CB9 /* Sources */,
				CE059E0126F0BE81008C3CB9 /* Frameworks */,
				CE059E0226F0BE81008C3CB9 /* Resources */,
			);
			buildRules = (
			);
			dependencies = (
			);
			name = ColorSwitch;
			productName = ColorSwitch;
			productReference = CE059E0426F0BE81008C3CB9 /* ColorSwitch.app */;
			productType = "com.apple.product-type.application";
		};
/* End PBXNativeTarget section */

/* Begin PBXProject section */
		CE059DFC26F0BE81008C3CB9 /* Project object */ = {
			isa = PBXProject;
			attributes = {
				LastSwiftUpdateCheck = 1250;
				LastUpgradeCheck = 1250;
				TargetAttributes = {
					CE059E0326F0BE81008C3CB9 = {
						CreatedOnToolsVersion = 12.5.1;
					};
				};
			};
			buildConfigurationList = CE059DFF26F0BE81008C3CB9 /* Build configuration list for PBXProject "ColorSwitch" */;
			compatibilityVersion = "Xcode 9.3";
			developmentRegion = en;
			hasScannedForEncodings = 0;
			knownRegions = (
				en,
				Base,
			);
			mainGroup = CE059DFB26F0BE81008C3CB9;
			productRefGroup = CE059E0526F0BE81008C3CB9 /* Products */;
			projectDirPath = "";
			projectRoot = "";
			targets = (
				CE059E0326F0BE81008C3CB9 /* ColorSwitch */,
			);
		};
/* End PBXProject section */

/* Begin PBXResourcesBuildPhase section */
		CE059E0226F0BE81008C3CB9 /* Resources */ = {
			isa = PBXResourcesBuildPhase;
			buildActionMask = 2147483647;
			files = (
				CE059E1326F0BE81008C3CB9 /* Main.storyboard in Resources */,
				CE059E1526F0BE83008C3CB9 /* Assets.xcassets in Resources */,
				CE059E2526F1D655008C3CB9 /* bling.wav in Resources */,
			);
			runOnlyForDeploymentPostprocessing = 0;
		};
/* End PBXResourcesBuildPhase section */

/* Begin PBXSourcesBuildPhase section */
		CE059E0026F0BE81008C3CB9 /* Sources */ = {
			isa = PBXSourcesBuildPhase;
			buildActionMask = 2147483647;
			files = (
				CE059E0E26F0BE81008C3CB9 /* GameScene.swift in Sources */,
				CE059E1026F0BE81008C3CB9 /* GameViewController.swift in Sources */,
				CE059E2326F0E7AE008C3CB9 /* MenuScene.swift in Sources */,
				CE059E2126F0C94F008C3CB9 /* Settings.swift in Sources */,
				CE059E0826F0BE81008C3CB9 /* AppDelegate.swift in Sources */,
			);
			runOnlyForDeploymentPostprocessing = 0;
		};
/* End PBXSourcesBuildPhase section */

/* Begin PBXVariantGroup section */
		CE059E1126F0BE81008C3CB9 /* Main.storyboard */ = {
			isa = PBXVariantGroup;
			children = (
				CE059E1226F0BE81008C3CB9 /* Base */,
			);
			name = Main.storyboard;
			sourceTree = "<group>";
		};
/* End PBXVariantGroup section */

/* Begin XCBuildConfiguration section */
		CE059E1726F0BE83008C3CB9 /* Debug */ = {
			isa = XCBuildConfiguration;
			buildSettings = {
				ALWAYS_SEARCH_USER_PATHS = NO;
				CLANG_ANALYZER_NONNULL = YES;
				CLANG_ANALYZER_NUMBER_OBJECT_CONVERSION = YES_AGGRESSIVE;
				CLANG_CXX_LANGUAGE_STANDARD = "gnu++14";
				CLANG_CXX_LIBRARY = "libc++";
				CLANG_ENABLE_MODULES = YES;
				CLANG_ENABLE_OBJC_ARC = YES;
				CLANG_ENABLE_OBJC_WEAK = YES;
				CLANG_WARN_BLOCK_CAPTURE_AUTORELEASING = YES;
				CLANG_WARN_BOOL_CONVERSION = YES;
				CLANG_WARN_COMMA = YES;
				CLANG_WARN_CONSTANT_CONVERSION = YES;
				CLANG_WARN_DEPRECATED_OBJC_IMPLEMENTATIONS = YES;
				CLANG_WARN_DIRECT_OBJC_ISA_USAGE = YES_ERROR;
				CLANG_WARN_DOCUMENTATION_COMMENTS = YES;
				CLANG_WARN_EMPTY_BODY = YES;
				CLANG_WARN_ENUM_CONVERSION = YES;
				CLANG_WARN_INFINITE_RECURSION = YES;
				CLANG_WARN_INT_CONVERSION = YES;
				CLANG_WARN_NON_LITERAL_NULL_CONVERSION = YES;
				CLANG_WARN_OBJC_IMPLICIT_RETAIN_SELF = YES;
				CLANG_WARN_OBJC_LITERAL_CONVERSION = YES;
				CLANG_WARN_OBJC_ROOT_CLASS = YES_ERROR;
				CLANG_WARN_QUOTED_INCLUDE_IN_FRAMEWORK_HEADER = YES;
				CLANG_WARN_RANGE_LOOP_ANALYSIS = YES;
				CLANG_WARN_STRICT_PROTOTYPES = YES;
				CLANG_WARN_SUSPICIOUS_MOVE = YES;
				CLANG_WARN_UNGUARDED_AVAILABILITY = YES_AGGRESSIVE;
				CLANG_WARN_UNREACHABLE_CODE = YES;
				CLANG_WARN__DUPLICATE_METHOD_MATCH = YES;
				COPY_PHASE_STRIP = NO;
				DEBUG_INFORMATION_FORMAT = dwarf;
				ENABLE_STRICT_OBJC_MSGSEND = YES;
				ENABLE_TESTABILITY = YES;
				GCC_C_LANGUAGE_STANDARD = gnu11;
				GCC_DYNAMIC_NO_PIC = NO;
				GCC_NO_COMMON_BLOCKS = YES;
				GCC_OPTIMIZATION_LEVEL = 0;
				GCC_PREPROCESSOR_DEFINITIONS = (
					"DEBUG=1",
					"$(inherited)",
				);
				GCC_WARN_64_TO_32_BIT_CONVERSION = YES;
				GCC_WARN_ABOUT_RETURN_TYPE = YES_ERROR;
				GCC_WARN_UNDECLARED_SELECTOR = YES;
				GCC_WARN_UNINITIALIZED_AUTOS = YES_AGGRESSIVE;
				GCC_WARN_UNUSED_FUNCTION = YES;
				GCC_WARN_UNUSED_VARIABLE = YES;
				IPHONEOS_DEPLOYMENT_TARGET = 14.5;
				MTL_ENABLE_DEBUG_INFO = INCLUDE_SOURCE;
				MTL_FAST_MATH = YES;
				ONLY_ACTIVE_ARCH = YES;
				SDKROOT = iphoneos;
				SWIFT_ACTIVE_COMPILATION_CONDITIONS = DEBUG;
				SWIFT_OPTIMIZATION_LEVEL = "-Onone";
			};
			name = Debug;
		};
		CE059E1826F0BE83008C3CB9 /* Release */ = {
			isa = XCBuildConfiguration;
			buildSettings = {
				ALWAYS_SEARCH_USER_PATHS = NO;
				CLANG_ANALYZER_NONNULL = YES;
				CLANG_ANALYZER_NUMBER_OBJECT_CONVERSION = YES_AGGRESSIVE;
				CLANG_CXX_LANGUAGE_STANDARD = "gnu++14";
				CLANG_CXX_LIBRARY = "libc++";
				CLANG_ENABLE_MODULES = YES;
				CLANG_ENABLE_OBJC_ARC = YES;
				CLANG_ENABLE_OBJC_WEAK = YES;
				CLANG_WARN_BLOCK_CAPTURE_AUTORELEASING = YES;
				CLANG_WARN_BOOL_CONVERSION = YES;
				CLANG_WARN_COMMA = YES;
				CLANG_WARN_CONSTANT_CONVERSION = YES;
				CLANG_WARN_DEPRECATED_OBJC_IMPLEMENTATIONS = YES;
				CLANG_WARN_DIRECT_OBJC_ISA_USAGE = YES_ERROR;
				CLANG_WARN_DOCUMENTATION_COMMENTS = YES;
				CLANG_WARN_EMPTY_BODY = YES;
				CLANG_WARN_ENUM_CONVERSION = YES;
				CLANG_WARN_INFINITE_RECURSION = YES;
				CLANG_WARN_INT_CONVERSION = YES;
				CLANG_WARN_NON_LITERAL_NULL_CONVERSION = YES;
				CLANG_WARN_OBJC_IMPLICIT_RETAIN_SELF = YES;
				CLANG_WARN_OBJC_LITERAL_CONVERSION = YES;
				CLANG_WARN_OBJC_ROOT_CLASS = YES_ERROR;
				CLANG_WARN_QUOTED_INCLUDE_IN_FRAMEWORK_HEADER = YES;
				CLANG_WARN_RANGE_LOOP_ANALYSIS = YES;
				CLANG_WARN_STRICT_PROTOTYPES = YES;
				CLANG_WARN_SUSPICIOUS_MOVE = YES;
				CLANG_WARN_UNGUARDED_AVAILABILITY = YES_AGGRESSIVE;
				CLANG_WARN_UNREACHABLE_CODE = YES;
				CLANG_WARN__DUPLICATE_METHOD_MATCH = YES;
				COPY_PHASE_STRIP = NO;
				DEBUG_INFORMATION_FORMAT = "dwarf-with-dsym";
				ENABLE_NS_ASSERTIONS = NO;
				ENABLE_STRICT_OBJC_MSGSEND = YES;
				GCC_C_LANGUAGE_STANDARD = gnu11;
				GCC_NO_COMMON_BLOCKS = YES;
				GCC_WARN_64_TO_32_BIT_CONVERSION = YES;
				GCC_WARN_ABOUT_RETURN_TYPE = YES_ERROR;
				GCC_WARN_UNDECLARED_SELECTOR = YES;
				GCC_WARN_UNINITIALIZED_AUTOS = YES_AGGRESSIVE;
				GCC_WARN_UNUSED_FUNCTION = YES;
				GCC_WARN_UNUSED_VARIABLE = YES;
				IPHONEOS_DEPLOYMENT_TARGET = 14.5;
				MTL_ENABLE_DEBUG_INFO = NO;
				MTL_FAST_MATH = YES;
				SDKROOT = iphoneos;
				SWIFT_COMPILATION_MODE = wholemodule;
				SWIFT_OPTIMIZATION_LEVEL = "-O";
				VALIDATE_PRODUCT = YES;
			};
			name = Release;
		};
		CE059E1A26F0BE83008C3CB9 /* Debug */ = {
			isa = XCBuildConfiguration;
			buildSettings = {
				ASSETCATALOG_COMPILER_APPICON_NAME = AppIcon;
				ASSETCATALOG_COMPILER_GLOBAL_ACCENT_COLOR_NAME = AccentColor;
				CODE_SIGN_STYLE = Automatic;
				DEVELOPMENT_TEAM = F463Y88YDK;
				INFOPLIST_FILE = ColorSwitch/Info.plist;
				LD_RUNPATH_SEARCH_PATHS = (
					"$(inherited)",
					"@executable_path/Frameworks",
				);
				PRODUCT_BUNDLE_IDENTIFIER = "nikita-org.ColorSwitch";
				PRODUCT_NAME = "$(TARGET_NAME)";
				SWIFT_VERSION = 5.0;
				TARGETED_DEVICE_FAMILY = "1,2";
			};
			name = Debug;
		};
		CE059E1B26F0BE83008C3CB9 /* Release */ = {
			isa = XCBuildConfiguration;
			buildSettings = {
				ASSETCATALOG_COMPILER_APPICON_NAME = AppIcon;
				ASSETCATALOG_COMPILER_GLOBAL_ACCENT_COLOR_NAME = AccentColor;
				CODE_SIGN_STYLE = Automatic;
				DEVELOPMENT_TEAM = F463Y88YDK;
				INFOPLIST_FILE = ColorSwitch/Info.plist;
				LD_RUNPATH_SEARCH_PATHS = (
					"$(inherited)",
					"@executable_path/Frameworks",
				);
				PRODUCT_BUNDLE_IDENTIFIER = "nikita-org.ColorSwitch";
				PRODUCT_NAME = "$(TARGET_NAME)";
				SWIFT_VERSION = 5.0;
				TARGETED_DEVICE_FAMILY = "1,2";
			};
			name = Release;
		};
/* End XCBuildConfiguration section */

/* Begin XCConfigurationList section */
		CE059DFF26F0BE81008C3CB9 /* Build configuration list for PBXProject "ColorSwitch" */ = {
			isa = XCConfigurationList;
			buildConfigurations = (
				CE059E1726F0BE83008C3CB9 /* Debug */,
				CE059E1826F0BE83008C3CB9 /* Release */,
			);
			defaultConfigurationIsVisible = 0;
			defaultConfigurationName = Release;
		};
		CE059E1926F0BE83008C3CB9 /* Build configuration list for PBXNativeTarget "ColorSwitch" */ = {
			isa = XCConfigurationList;
			buildConfigurations = (
				CE059E1A26F0BE83008C3CB9 /* Debug */,
				CE059E1B26F0BE83008C3CB9 /* Release */,
			);
			defaultConfigurationIsVisible = 0;
			defaultConfigurationName = Release;
		};
/* End XCConfigurationList section */
	};
	rootObject = CE059DFC26F0BE81008C3CB9 /* Project object */;
}
